
Microsoft Visual Studio Solution File, Format Version 12.00
# Visual Studio Version 17
VisualStudioVersion = 17.3.32922.545
MinimumVisualStudioVersion = 10.0.40219.1
Project("{FAE04EC0-301F-11D3-BF4B-00C04F79EFBC}") = "Backend", "Backend.csproj", "{18A9844C-9D16-4F18-B238-00506F8B7398}"
EndProject
Global
	GlobalSection(SolutionConfigurationPlatforms) = preSolution
		Debug|Any CPU = Debug|Any CPU
		Release|Any CPU = Release|Any CPU
	EndGlobalSection
	GlobalSection(ProjectConfigurationPlatforms) = postSolution
		{18A9844C-9D16-4F18-B238-00506F8B7398}.Debug|Any CPU.ActiveCfg = Debug|Any CPU
		{18A9844C-9D16-4F18-B238-00506F8B7398}.Debug|Any CPU.Build.0 = Debug|Any CPU
		{18A9844C-9D16-4F18-B238-00506F8B7398}.Release|Any CPU.ActiveCfg = Release|Any CPU
		{18A9844C-9D16-4F18-B238-00506F8B7398}.Release|Any CPU.Build.0 = Release|Any CPU
	EndGlobalSection
	GlobalSection(SolutionProperties) = preSolution
		HideSolutionNode = FALSE
	EndGlobalSection
	GlobalSection(ExtensibilityGlobals) = postSolution
		SolutionGuid = {B900677E-E989-40E3-AE96-3816596A128B}
	EndGlobalSection
EndGlobal
